dependencies:
- name: common
  repository: https://accelleran.github.io/helm-charts-ng/
  version: 0.1.1
- name: nats
  repository: https://nats-io.github.io/k8s/helm/charts/
  version: 1.1.7
- name: redis
  repository: https://charts.bitnami.com/bitnami/
  version: 18.9.1
digest: sha256:5d021febc3b75125ad61c750f297f2e58e9e9b46aef2ac7ba5fd97a31b513e3e
generated: "2024-01-29T13:23:05.801456827Z"
