dependencies:
- name: common
  repository: https://accelleran.github.io/helm-charts-ng/
  version: 0.1.2
- name: nats
  repository: https://nats-io.github.io/k8s/helm/charts/
  version: 1.1.7
- name: redis
  repository: https://charts.bitnami.com/bitnami/
  version: 18.11.0
digest: sha256:cbf28d94aa95b072221d8b30c172f813a4d6b09c49597ba1f9c708731ed75182
generated: "2024-01-31T15:12:04.038139033Z"
