dependencies:
- name: common
  repository: https://accelleran.github.io/helm-charts-ng/
  version: 0.2.0
- name: nats
  repository: https://nats-io.github.io/k8s/helm/charts/
  version: 1.1.9
- name: redis
  repository: https://charts.bitnami.com/bitnami/
  version: 18.17.1
digest: sha256:585fa5ca7b0f9f448d3cc60a1a2c1e57a46edbe84972e295b6e0d21da8fab6d0
generated: "2024-03-04T11:51:32.988950311Z"
