dependencies:
- name: grafana
  repository: https://grafana.github.io/helm-charts
  version: 7.0.21
- name: prometheus
  repository: https://prometheus-community.github.io/helm-charts
  version: 25.8.2
- name: loki-stack
  repository: https://grafana.github.io/helm-charts
  version: 2.9.10
- name: influxdb
  repository: https://helm.influxdata.com/
  version: 4.12.5
- name: vector
  repository: https://helm.vector.dev
  version: 0.30.0
- name: kminion
  repository: https://raw.githubusercontent.com/redpanda-data/kminion/master/charts/archives
  version: 0.12.0
- name: kafka
  repository: https://charts.bitnami.com/bitnami/
  version: 26.5.0
- name: nats
  repository: https://nats-io.github.io/k8s/helm/charts/
  version: 1.1.6
- name: redis
  repository: https://charts.bitnami.com/bitnami/
  version: 18.5.0
digest: sha256:1a1832009145e3e2c68b9b4553e1755aba9bf43c03d50b96fc183067eba68f0c
generated: "2024-01-18T20:14:19.849003917+01:00"
