dependencies:
- name: common
  repository: https://accelleran.github.io/helm-charts-ng/
  version: 0.2.0
- name: dash-front-back-end
  repository: file://charts/dash-front-back-end
  version: 5.0.0
- name: network-state-monitor
  repository: file://charts/network-state-monitor
  version: 0.1.0
- name: service-monitor
  repository: file://charts/service-monitor
  version: 1.0.0
- name: service-orchestrator
  repository: file://charts/service-orchestrator
  version: 1.1.1
- name: config-api
  repository: file://charts/config-api
  version: 2.0.0
- name: cell-wrapper
  repository: https://accelleran.github.io/helm-charts-ng/
  version: 3.0.2
- name: e2-t
  repository: file://charts/e2-t
  version: 1.1.0
- name: pm-counters
  repository: file://charts/pm-counters
  version: 1.1.0
- name: golang-nkafka
  repository: file://charts/golang-nkafka
  version: 1.2.2
- name: grafana
  repository: https://grafana.github.io/helm-charts
  version: 7.3.0
- name: prometheus
  repository: https://prometheus-community.github.io/helm-charts
  version: 25.12.0
- name: loki-stack
  repository: https://grafana.github.io/helm-charts
  version: 2.10.1
- name: influxdb
  repository: https://helm.influxdata.com/
  version: 4.12.5
- name: vector
  repository: https://helm.vector.dev
  version: 0.31.0
- name: kminion
  repository: https://charts.redpanda.com
  version: 0.12.5
- name: kafka
  repository: https://charts.bitnami.com/bitnami/
  version: 26.9.0
- name: nats
  repository: https://nats-io.github.io/k8s/helm/charts/
  version: 1.1.8
- name: redis
  repository: https://charts.bitnami.com/bitnami/
  version: 18.14.0
digest: sha256:04adeec02cda9f807b48a0ae8314ad9cc18f4b28f29e437199377de72a3984dc
generated: "2024-02-16T14:22:08.956379303Z"
