dependencies:
- name: common
  repository: https://accelleran.github.io/helm-charts-ng/
  version: 0.1.1
- name: dash-front-back-end
  repository: file://charts/dash-front-back-end
  version: 5.0.0
- name: network-state-monitor
  repository: file://charts/network-state-monitor
  version: 0.1.0
- name: service-monitor
  repository: file://charts/service-monitor
  version: 1.0.0
- name: service-orchestrator
  repository: file://charts/service-orchestrator
  version: 1.0.0
- name: config-api
  repository: file://charts/config-api
  version: 2.0.0
- name: cell-wrapper
  repository: https://accelleran.github.io/helm-charts-ng/
  version: 3.0.0
- name: e2-t
  repository: file://charts/e2-t
  version: 1.1.0
- name: pm-counters
  repository: file://charts/pm-counters
  version: 1.0.3
- name: golang-nkafka
  repository: file://charts/golang-nkafka
  version: 1.2.1
- name: grafana
  repository: https://grafana.github.io/helm-charts
  version: 7.0.21
- name: prometheus
  repository: https://prometheus-community.github.io/helm-charts
  version: 25.8.2
- name: loki-stack
  repository: https://grafana.github.io/helm-charts
  version: 2.9.10
- name: influxdb
  repository: https://helm.influxdata.com/
  version: 4.12.5
- name: vector
  repository: https://helm.vector.dev
  version: 0.30.0
- name: kminion
  repository: https://raw.githubusercontent.com/redpanda-data/kminion/master/charts/archives
  version: 0.12.0
- name: kafka
  repository: https://charts.bitnami.com/bitnami/
  version: 26.5.0
- name: nats
  repository: https://nats-io.github.io/k8s/helm/charts/
  version: 1.1.6
- name: redis
  repository: https://charts.bitnami.com/bitnami/
  version: 18.5.0
digest: sha256:0933ea2f28aae93e0e36e3c4e4effa0585c05ae8db5a79f5c560e64654d40675
generated: "2024-01-29T10:08:24.715533452+01:00"
