dependencies:
- name: common
  repository: https://accelleran.github.io/helm-charts-ng/
  version: 0.1.1
- name: nats
  repository: https://nats-io.github.io/k8s/helm/charts/
  version: 1.1.7
- name: redis
  repository: https://charts.bitnami.com/bitnami/
  version: 18.11.0
digest: sha256:19bbd89886ad48d5efbdd2a52cc810a5620c6092a7211976c254d02d8e04b72e
generated: "2024-01-30T20:30:20.077027254Z"
