dependencies:
- name: common
  repository: https://accelleran.github.io/helm-charts-ng/
  version: 0.1.0
- name: nats
  repository: https://nats-io.github.io/k8s/helm/charts/
  version: 1.1.6
- name: redis
  repository: https://charts.bitnami.com/bitnami/
  version: 18.5.0
digest: sha256:2796fffc6c9d8f5420b055f2b83858a384ff96f93c5bc09f9cef9586f3dfda01
generated: "2024-01-22T17:17:07.195890724+01:00"
