dependencies:
- name: common
  repository: https://accelleran.github.io/helm-charts-ng/
  version: 0.1.0
- name: nats
  repository: https://nats-io.github.io/k8s/helm/charts/
  version: 1.1.7
- name: redis
  repository: https://charts.bitnami.com/bitnami/
  version: 18.9.0
digest: sha256:74fddd0e908666ed82d547fc6a1063be1fa66c2f8ace0948ebc6771db638ee19
generated: "2024-01-26T13:21:04.721568687Z"
