dependencies:
- name: common
  repository: https://accelleran.github.io/helm-charts-ng/
  version: 0.1.2
- name: nats
  repository: https://nats-io.github.io/k8s/helm/charts/
  version: 1.1.7
- name: redis
  repository: https://charts.bitnami.com/bitnami/
  version: 18.5.0
digest: sha256:e0ab39a818537b473e4ff350e7578f371394d54e76a033c022e51b06bb4d425f
generated: "2024-01-31T15:10:48.912385568Z"
