dependencies:
- name: common
  repository: https://accelleran.github.io/helm-charts-ng/
  version: 0.2.0
- name: nats
  repository: https://nats-io.github.io/k8s/helm/charts/
  version: 1.1.8
- name: redis
  repository: https://charts.bitnami.com/bitnami/
  version: 18.12.1
digest: sha256:67efbd24808de8ced46b6ec2f9dec29730a03c5d51b482e8fdfd7fa3bb410488
generated: "2024-02-05T14:21:30.652183865Z"
