dependencies:
- name: common
  repository: https://accelleran.github.io/helm-charts-ng/
  version: 0.2.1
- name: nats
  repository: https://nats-io.github.io/k8s/helm/charts/
  version: 1.1.9
- name: redis
  repository: https://charts.bitnami.com/bitnami/
  version: 18.18.0
digest: sha256:7783b1929dc3708cf64dba6aa76e64034fc7d0e431dedf2150e368958117479f
generated: "2024-03-06T10:31:03.54723575Z"
