dependencies:
- name: common
  repository: https://accelleran.github.io/helm-charts-ng/
  version: 0.2.2
- name: nats
  repository: https://nats-io.github.io/k8s/helm/charts/
  version: 1.1.9
- name: redis
  repository: https://charts.bitnami.com/bitnami/
  version: 18.18.0
digest: sha256:3b87d2a02904802f1df5d72e9de8cbeaefd7d79d733de58b890ecf82c91b6eb4
generated: "2024-03-06T11:49:00.910441115Z"
