dependencies:
- name: common
  repository: https://accelleran.github.io/helm-charts-ng/
  version: 0.2.0
- name: nats
  repository: https://nats-io.github.io/k8s/helm/charts/
  version: 1.1.8
- name: redis
  repository: https://charts.bitnami.com/bitnami/
  version: 18.14.0
digest: sha256:8b1bd9b911c638cd33ac8d33e832fd4666991711bea8db9b7baf930ea99dc79e
generated: "2024-02-16T14:22:36.848361058Z"
