dependencies:
- name: common
  repository: https://accelleran.github.io/helm-charts-ng/
  version: 0.2.0
- name: nats
  repository: https://nats-io.github.io/k8s/helm/charts/
  version: 1.1.9
- name: redis
  repository: https://charts.bitnami.com/bitnami/
  version: 18.16.0
digest: sha256:722af46ef2710a9e39320200b9ae59abbbf53f51637c0d50c3756f0d1e231e7a
generated: "2024-02-21T16:24:54.919468596Z"
